# THIS IS AN AUTOGENERATED FILE. DO NOT EDIT THIS FILE DIRECTLY.
# yarn lockfile v1


"@most/multicast@^1.2.5":
  version "1.3.0"
  resolved "https://registry.yarnpkg.com/@most/multicast/-/multicast-1.3.0.tgz#e01574840df634478ac3fabd164c6e830fb3b966"
  dependencies:
    "@most/prelude" "^1.4.0"

"@most/prelude@^1.4.0":
  version "1.7.0"
  resolved "https://registry.yarnpkg.com/@most/prelude/-/prelude-1.7.0.tgz#0956ed464ad03e7fc95143eac0c6dd028498d975"

"@types/react@~16.3.13":
  version "16.3.14"
  resolved "https://registry.yarnpkg.com/@types/react/-/react-16.3.14.tgz#f90ac6834de172e13ecca430dcb6814744225d36"
  dependencies:
    csstype "^2.2.0"

csstype@^2.2.0:
  version "2.4.2"
  resolved "https://registry.yarnpkg.com/csstype/-/csstype-2.4.2.tgz#158e36c69566bf968da63d0ba14eda1c20e8643a"

most@~1.7.3:
  version "1.7.3"
  resolved "https://registry.yarnpkg.com/most/-/most-1.7.3.tgz#406c31a66d73aa16957816fdf96965e27df84f1a"
  dependencies:
    "@most/multicast" "^1.2.5"
    "@most/prelude" "^1.4.0"
    symbol-observable "^1.0.2"

symbol-observable@^1.0.2:
  version "1.2.0"
  resolved "https://registry.yarnpkg.com/symbol-observable/-/symbol-observable-1.2.0.tgz#c22688aed4eab3cdc2dfeacbb561660560a00804"
