# THIS IS AN AUTOGENERATED FILE. DO NOT EDIT THIS FILE DIRECTLY.
# yarn lockfile v1


callbag-from-obs@~1.2.0:
  version "1.2.0"
  resolved "https://registry.yarnpkg.com/callbag-from-obs/-/callbag-from-obs-1.2.0.tgz#f092f302f302b53abaf1a4d7a5393f9a65fac517"
  dependencies:
    symbol-observable "^1.2.0"

callbag-map@~1.0.1:
  version "1.0.1"
  resolved "https://registry.yarnpkg.com/callbag-map/-/callbag-map-1.0.1.tgz#a5bcd41cde60c226cdd22f5868beb7b2ecd6c167"

callbag-to-obs@~1.0.0:
  version "1.0.0"
  resolved "https://registry.yarnpkg.com/callbag-to-obs/-/callbag-to-obs-1.0.0.tgz#a198e82d86f1283cd40583970c96c8acc35d9ad3"
  dependencies:
    symbol-observable "^1.2.0"

callbag@~1.1.0:
  version "1.1.0"
  resolved "https://registry.yarnpkg.com/callbag/-/callbag-1.1.0.tgz#9cbbc3352832da43e764d588ed43121d4b09c42a"

symbol-observable@^1.2.0, symbol-observable@~1.2.0:
  version "1.2.0"
  resolved "https://registry.yarnpkg.com/symbol-observable/-/symbol-observable-1.2.0.tgz#c22688aed4eab3cdc2dfeacbb561660560a00804"
