# THIS IS AN AUTOGENERATED FILE. DO NOT EDIT THIS FILE DIRECTLY.
# yarn lockfile v1


callbag-drop-repeats@~1.0.0:
  version "1.0.0"
  resolved "https://registry.yarnpkg.com/callbag-drop-repeats/-/callbag-drop-repeats-1.0.0.tgz#bfa4d765880875435746948ec9076b979569e89b"

callbag-from-obs@~1.2.0:
  version "1.2.0"
  resolved "https://registry.yarnpkg.com/callbag-from-obs/-/callbag-from-obs-1.2.0.tgz#f092f302f302b53abaf1a4d7a5393f9a65fac517"
  dependencies:
    symbol-observable "^1.2.0"

callbag-map@~1.0.1:
  version "1.0.1"
  resolved "https://registry.yarnpkg.com/callbag-map/-/callbag-map-1.0.1.tgz#a5bcd41cde60c226cdd22f5868beb7b2ecd6c167"

callbag-pipe@~1.1.1:
  version "1.1.1"
  resolved "https://registry.yarnpkg.com/callbag-pipe/-/callbag-pipe-1.1.1.tgz#f9d9f651f0bb64bc78d91f7132d738f066e3a4cf"

callbag-start-with@~2.1.1:
  version "2.1.1"
  resolved "https://registry.yarnpkg.com/callbag-start-with/-/callbag-start-with-2.1.1.tgz#42e378248475c5009e1934a07d58444bd0a083a2"

symbol-observable@^1.2.0:
  version "1.2.0"
  resolved "https://registry.yarnpkg.com/symbol-observable/-/symbol-observable-1.2.0.tgz#c22688aed4eab3cdc2dfeacbb561660560a00804"
